# This file is autogenerated, do not edit; changes may be undone by the next 'dep ensure'.


[[projects]]
  digest = "1:4306d6fbe32c56aa4808c78118ab2dd03c5b52f471fea11b23377f4e2bc4f48a"
  name = "go.uber.org/atomic"
  packages = ["."]
  pruneopts = "UT"
  revision = "3504dfaa1fa414923b1c8693f45d2f6931daf229"
  version = "v1.9.0"

[[projects]]
  digest = "1:ac07ed26dbaa2af2fb9d7ca1e5d669af3c674c386d37e3ecbec0451fe46bf647"
  name = "go.uber.org/dig"
  packages = [
    ".",
    "internal/digreflect",
    "internal/dot",
  ]
  pruneopts = "UT"
  revision = "54d646178f9119287b20f76d325eaa36392e2923"
  version = "v1.12.0"

[[projects]]
  digest = "1:28a0a47d8c9a3806189f18eafeeb865a86f64621e7d6c78cb9596a7d8095dc82"
  name = "go.uber.org/fx"
  packages = [
    ".",
    "fxevent",
    "internal/fxlog",
    "internal/fxreflect",
    "internal/lifecycle",
  ]
  pruneopts = "UT"
  revision = "1622a99a41975c54d5959220209f14ad32d266f0"
  version = "v1.14.2"

[[projects]]
  digest = "1:ac2df12a5ec74e2ed232bf110e3a27ddb06760d6d5884920f47f91f22e1f8742"
  name = "go.uber.org/multierr"
  packages = ["."]
  pruneopts = "UT"
  revision = "a5cd5509686189240486545be669e1dff9b98dcf"
  version = "v1.7.0"

[[projects]]
  digest = "1:027a6520b2e68f5642ce4ffe219ada105015f7ad7a001bbf30c03443eba42410"
  name = "go.uber.org/zap"
  packages = [
    ".",
    "buffer",
    "internal/bufferpool",
    "internal/color",
    "internal/exit",
    "zapcore",
  ]
  pruneopts = "UT"
  revision = "eaeb0fc72fd23af7969c9a9f39e51b66827507ca"
  version = "v1.19.1"

[[projects]]
  branch = "master"
  digest = "1:dd9d373253a7cb22cc7bcf8640b4c50d75b612f9a2c3b5021e39704d84f23361"
  name = "golang.org/x/sys"
  packages = [
    "internal/unsafeheader",
    "unix",
    "windows",
  ]
  pruneopts = "UT"
  revision = "528a39cd75f3f6ddc851539b94a54b4da8de49f8"

[solve-meta]
  analyzer-name = "dep"
  analyzer-version = 1
  input-imports = [
    "go.uber.org/fx",
    "go.uber.org/fx/fxevent",
  ]
  solver-name = "gps-cdcl"
  solver-version = 1
